
Microsoft Visual Studio Solution File, Format Version 12.00
# Visual Studio Version 17
VisualStudioVersion = 17.6.33829.357
MinimumVisualStudioVersion = 10.0.40219.1
Project("{9A19103F-16F7-4668-BE54-9A1E7A4F7556}") = "Firebase.Authentication", "Firebase.Authentication\Firebase.Authentication.csproj", "{46569D99-2E74-4914-9839-49FA5B31BD84}"
EndProject
Project("{9A19103F-16F7-4668-BE54-9A1E7A4F7556}") = "Firebase.Authentication.Tests", "Firebase.Authentication.Tests\Firebase.Authentication.Tests.csproj", "{5FBD845D-E090-4B53-AC05-74012E8CC760}"
EndProject
Project("{2150E333-8FDC-42A3-9474-1A3956D46DE8}") = "Samples", "Samples", "{D57DCD26-95CA-47EE-A509-511BCED592BE}"
EndProject
Project("{9A19103F-16F7-4668-BE54-9A1E7A4F7556}") = "Firebase.Authentication.WPF", "Firebase.Authentication.WPF\Firebase.Authentication.WPF.csproj", "{DEF324C4-A7C1-4440-ABC3-3B96D6FFD24C}"
EndProject
Project("{9A19103F-16F7-4668-BE54-9A1E7A4F7556}") = "Firebase.Authentication.Sample.WPF", "Samples\Firebase.Authentication.Sample.WPF\Firebase.Authentication.Sample.WPF.csproj", "{8F208C60-5143-4BEF-84C5-60DEADAF83A9}"
EndProject
Project("{9A19103F-16F7-4668-BE54-9A1E7A4F7556}") = "Firebase.Authentication.Sample.WinUI", "Samples\Firebase.Authentication.Sample.WinUI\Firebase.Authentication.Sample.WinUI.csproj", "{EAA95AB7-932E-4386-85D7-026A01605BA5}"
EndProject
Project("{9A19103F-16F7-4668-BE54-9A1E7A4F7556}") = "Firebase.Authentication.WinUI", "Firebase.Authentication.WinUI\Firebase.Authentication.WinUI.csproj", "{3BB19ACD-AAA6-4827-9CF4-C0A67B543577}"
EndProject
Project("{FAE04EC0-301F-11D3-BF4B-00C04F79EFBC}") = "Firebase.Authentication.Sample.UWP", "Samples\Firebase.Authentication.Sample.UWP\Firebase.Authentication.Sample.UWP.csproj", "{872F36F1-C516-48EE-8551-A2773E6D1227}"
EndProject
Project("{FAE04EC0-301F-11D3-BF4B-00C04F79EFBC}") = "Firebase.Authentication.UWP", "Firebase.Authentication.UWP\Firebase.Authentication.UWP.csproj", "{A408A934-B094-4573-B620-5006DF074630}"
EndProject
Global
	GlobalSection(SolutionConfigurationPlatforms) = preSolution
		Debug|Any CPU = Debug|Any CPU
		Debug|ARM = Debug|ARM
		Debug|ARM64 = Debug|ARM64
		Debug|x64 = Debug|x64
		Debug|x86 = Debug|x86
		Release|Any CPU = Release|Any CPU
		Release|ARM = Release|ARM
		Release|ARM64 = Release|ARM64
		Release|x64 = Release|x64
		Release|x86 = Release|x86
	EndGlobalSection
	GlobalSection(ProjectConfigurationPlatforms) = postSolution
		{46569D99-2E74-4914-9839-49FA5B31BD84}.Debug|Any CPU.ActiveCfg = Debug|Any CPU
		{46569D99-2E74-4914-9839-49FA5B31BD84}.Debug|Any CPU.Build.0 = Debug|Any CPU
		{46569D99-2E74-4914-9839-49FA5B31BD84}.Debug|ARM.ActiveCfg = Debug|Any CPU
		{46569D99-2E74-4914-9839-49FA5B31BD84}.Debug|ARM.Build.0 = Debug|Any CPU
		{46569D99-2E74-4914-9839-49FA5B31BD84}.Debug|ARM64.ActiveCfg = Debug|Any CPU
		{46569D99-2E74-4914-9839-49FA5B31BD84}.Debug|ARM64.Build.0 = Debug|Any CPU
		{46569D99-2E74-4914-9839-49FA5B31BD84}.Debug|x64.ActiveCfg = Debug|Any CPU
		{46569D99-2E74-4914-9839-49FA5B31BD84}.Debug|x64.Build.0 = Debug|Any CPU
		{46569D99-2E74-4914-9839-49FA5B31BD84}.Debug|x86.ActiveCfg = Debug|Any CPU
		{46569D99-2E74-4914-9839-49FA5B31BD84}.Debug|x86.Build.0 = Debug|Any CPU
		{46569D99-2E74-4914-9839-49FA5B31BD84}.Release|Any CPU.ActiveCfg = Release|Any CPU
		{46569D99-2E74-4914-9839-49FA5B31BD84}.Release|Any CPU.Build.0 = Release|Any CPU
		{46569D99-2E74-4914-9839-49FA5B31BD84}.Release|ARM.ActiveCfg = Release|Any CPU
		{46569D99-2E74-4914-9839-49FA5B31BD84}.Release|ARM.Build.0 = Release|Any CPU
		{46569D99-2E74-4914-9839-49FA5B31BD84}.Release|ARM64.ActiveCfg = Release|Any CPU
		{46569D99-2E74-4914-9839-49FA5B31BD84}.Release|ARM64.Build.0 = Release|Any CPU
		{46569D99-2E74-4914-9839-49FA5B31BD84}.Release|x64.ActiveCfg = Release|Any CPU
		{46569D99-2E74-4914-9839-49FA5B31BD84}.Release|x64.Build.0 = Release|Any CPU
		{46569D99-2E74-4914-9839-49FA5B31BD84}.Release|x86.ActiveCfg = Release|Any CPU
		{46569D99-2E74-4914-9839-49FA5B31BD84}.Release|x86.Build.0 = Release|Any CPU
		{5FBD845D-E090-4B53-AC05-74012E8CC760}.Debug|Any CPU.ActiveCfg = Debug|Any CPU
		{5FBD845D-E090-4B53-AC05-74012E8CC760}.Debug|Any CPU.Build.0 = Debug|Any CPU
		{5FBD845D-E090-4B53-AC05-74012E8CC760}.Debug|ARM.ActiveCfg = Debug|Any CPU
		{5FBD845D-E090-4B53-AC05-74012E8CC760}.Debug|ARM.Build.0 = Debug|Any CPU
		{5FBD845D-E090-4B53-AC05-74012E8CC760}.Debug|ARM64.ActiveCfg = Debug|Any CPU
		{5FBD845D-E090-4B53-AC05-74012E8CC760}.Debug|ARM64.Build.0 = Debug|Any CPU
		{5FBD845D-E090-4B53-AC05-74012E8CC760}.Debug|x64.ActiveCfg = Debug|Any CPU
		{5FBD845D-E090-4B53-AC05-74012E8CC760}.Debug|x64.Build.0 = Debug|Any CPU
		{5FBD845D-E090-4B53-AC05-74012E8CC760}.Debug|x86.ActiveCfg = Debug|Any CPU
		{5FBD845D-E090-4B53-AC05-74012E8CC760}.Debug|x86.Build.0 = Debug|Any CPU
		{5FBD845D-E090-4B53-AC05-74012E8CC760}.Release|Any CPU.ActiveCfg = Release|Any CPU
		{5FBD845D-E090-4B53-AC05-74012E8CC760}.Release|Any CPU.Build.0 = Release|Any CPU
		{5FBD845D-E090-4B53-AC05-74012E8CC760}.Release|ARM.ActiveCfg = Release|Any CPU
		{5FBD845D-E090-4B53-AC05-74012E8CC760}.Release|ARM.Build.0 = Release|Any CPU
		{5FBD845D-E090-4B53-AC05-74012E8CC760}.Release|ARM64.ActiveCfg = Release|Any CPU
		{5FBD845D-E090-4B53-AC05-74012E8CC760}.Release|ARM64.Build.0 = Release|Any CPU
		{5FBD845D-E090-4B53-AC05-74012E8CC760}.Release|x64.ActiveCfg = Release|Any CPU
		{5FBD845D-E090-4B53-AC05-74012E8CC760}.Release|x64.Build.0 = Release|Any CPU
		{5FBD845D-E090-4B53-AC05-74012E8CC760}.Release|x86.ActiveCfg = Release|Any CPU
		{5FBD845D-E090-4B53-AC05-74012E8CC760}.Release|x86.Build.0 = Release|Any CPU
		{DEF324C4-A7C1-4440-ABC3-3B96D6FFD24C}.Debug|Any CPU.ActiveCfg = Debug|Any CPU
		{DEF324C4-A7C1-4440-ABC3-3B96D6FFD24C}.Debug|Any CPU.Build.0 = Debug|Any CPU
		{DEF324C4-A7C1-4440-ABC3-3B96D6FFD24C}.Debug|ARM.ActiveCfg = Debug|Any CPU
		{DEF324C4-A7C1-4440-ABC3-3B96D6FFD24C}.Debug|ARM.Build.0 = Debug|Any CPU
		{DEF324C4-A7C1-4440-ABC3-3B96D6FFD24C}.Debug|ARM64.ActiveCfg = Debug|Any CPU
		{DEF324C4-A7C1-4440-ABC3-3B96D6FFD24C}.Debug|ARM64.Build.0 = Debug|Any CPU
		{DEF324C4-A7C1-4440-ABC3-3B96D6FFD24C}.Debug|x64.ActiveCfg = Debug|Any CPU
		{DEF324C4-A7C1-4440-ABC3-3B96D6FFD24C}.Debug|x64.Build.0 = Debug|Any CPU
		{DEF324C4-A7C1-4440-ABC3-3B96D6FFD24C}.Debug|x86.ActiveCfg = Debug|Any CPU
		{DEF324C4-A7C1-4440-ABC3-3B96D6FFD24C}.Debug|x86.Build.0 = Debug|Any CPU
		{DEF324C4-A7C1-4440-ABC3-3B96D6FFD24C}.Release|Any CPU.ActiveCfg = Release|Any CPU
		{DEF324C4-A7C1-4440-ABC3-3B96D6FFD24C}.Release|Any CPU.Build.0 = Release|Any CPU
		{DEF324C4-A7C1-4440-ABC3-3B96D6FFD24C}.Release|ARM.ActiveCfg = Release|Any CPU
		{DEF324C4-A7C1-4440-ABC3-3B96D6FFD24C}.Release|ARM.Build.0 = Release|Any CPU
		{DEF324C4-A7C1-4440-ABC3-3B96D6FFD24C}.Release|ARM64.ActiveCfg = Release|Any CPU
		{DEF324C4-A7C1-4440-ABC3-3B96D6FFD24C}.Release|ARM64.Build.0 = Release|Any CPU
		{DEF324C4-A7C1-4440-ABC3-3B96D6FFD24C}.Release|x64.ActiveCfg = Release|Any CPU
		{DEF324C4-A7C1-4440-ABC3-3B96D6FFD24C}.Release|x64.Build.0 = Release|Any CPU
		{DEF324C4-A7C1-4440-ABC3-3B96D6FFD24C}.Release|x86.ActiveCfg = Release|Any CPU
		{DEF324C4-A7C1-4440-ABC3-3B96D6FFD24C}.Release|x86.Build.0 = Release|Any CPU
		{8F208C60-5143-4BEF-84C5-60DEADAF83A9}.Debug|Any CPU.ActiveCfg = Debug|Any CPU
		{8F208C60-5143-4BEF-84C5-60DEADAF83A9}.Debug|Any CPU.Build.0 = Debug|Any CPU
		{8F208C60-5143-4BEF-84C5-60DEADAF83A9}.Debug|ARM.ActiveCfg = Debug|Any CPU
		{8F208C60-5143-4BEF-84C5-60DEADAF83A9}.Debug|ARM.Build.0 = Debug|Any CPU
		{8F208C60-5143-4BEF-84C5-60DEADAF83A9}.Debug|ARM64.ActiveCfg = Debug|Any CPU
		{8F208C60-5143-4BEF-84C5-60DEADAF83A9}.Debug|ARM64.Build.0 = Debug|Any CPU
		{8F208C60-5143-4BEF-84C5-60DEADAF83A9}.Debug|x64.ActiveCfg = Debug|Any CPU
		{8F208C60-5143-4BEF-84C5-60DEADAF83A9}.Debug|x64.Build.0 = Debug|Any CPU
		{8F208C60-5143-4BEF-84C5-60DEADAF83A9}.Debug|x86.ActiveCfg = Debug|Any CPU
		{8F208C60-5143-4BEF-84C5-60DEADAF83A9}.Debug|x86.Build.0 = Debug|Any CPU
		{8F208C60-5143-4BEF-84C5-60DEADAF83A9}.Release|Any CPU.ActiveCfg = Release|Any CPU
		{8F208C60-5143-4BEF-84C5-60DEADAF83A9}.Release|Any CPU.Build.0 = Release|Any CPU
		{8F208C60-5143-4BEF-84C5-60DEADAF83A9}.Release|ARM.ActiveCfg = Release|Any CPU
		{8F208C60-5143-4BEF-84C5-60DEADAF83A9}.Release|ARM.Build.0 = Release|Any CPU
		{8F208C60-5143-4BEF-84C5-60DEADAF83A9}.Release|ARM64.ActiveCfg = Release|Any CPU
		{8F208C60-5143-4BEF-84C5-60DEADAF83A9}.Release|ARM64.Build.0 = Release|Any CPU
		{8F208C60-5143-4BEF-84C5-60DEADAF83A9}.Release|x64.ActiveCfg = Release|Any CPU
		{8F208C60-5143-4BEF-84C5-60DEADAF83A9}.Release|x64.Build.0 = Release|Any CPU
		{8F208C60-5143-4BEF-84C5-60DEADAF83A9}.Release|x86.ActiveCfg = Release|Any CPU
		{8F208C60-5143-4BEF-84C5-60DEADAF83A9}.Release|x86.Build.0 = Release|Any CPU
		{EAA95AB7-932E-4386-85D7-026A01605BA5}.Debug|Any CPU.ActiveCfg = Debug|x64
		{EAA95AB7-932E-4386-85D7-026A01605BA5}.Debug|Any CPU.Build.0 = Debug|x64
		{EAA95AB7-932E-4386-85D7-026A01605BA5}.Debug|Any CPU.Deploy.0 = Debug|x64
		{EAA95AB7-932E-4386-85D7-026A01605BA5}.Debug|ARM.ActiveCfg = Debug|x64
		{EAA95AB7-932E-4386-85D7-026A01605BA5}.Debug|ARM.Build.0 = Debug|x64
		{EAA95AB7-932E-4386-85D7-026A01605BA5}.Debug|ARM64.ActiveCfg = Debug|ARM64
		{EAA95AB7-932E-4386-85D7-026A01605BA5}.Debug|ARM64.Build.0 = Debug|ARM64
		{EAA95AB7-932E-4386-85D7-026A01605BA5}.Debug|ARM64.Deploy.0 = Debug|ARM64
		{EAA95AB7-932E-4386-85D7-026A01605BA5}.Debug|x64.ActiveCfg = Debug|x64
		{EAA95AB7-932E-4386-85D7-026A01605BA5}.Debug|x64.Build.0 = Debug|x64
		{EAA95AB7-932E-4386-85D7-026A01605BA5}.Debug|x64.Deploy.0 = Debug|x64
		{EAA95AB7-932E-4386-85D7-026A01605BA5}.Debug|x86.ActiveCfg = Debug|x86
		{EAA95AB7-932E-4386-85D7-026A01605BA5}.Debug|x86.Build.0 = Debug|x86
		{EAA95AB7-932E-4386-85D7-026A01605BA5}.Debug|x86.Deploy.0 = Debug|x86
		{EAA95AB7-932E-4386-85D7-026A01605BA5}.Release|Any CPU.ActiveCfg = Release|x64
		{EAA95AB7-932E-4386-85D7-026A01605BA5}.Release|Any CPU.Build.0 = Release|x64
		{EAA95AB7-932E-4386-85D7-026A01605BA5}.Release|Any CPU.Deploy.0 = Release|x64
		{EAA95AB7-932E-4386-85D7-026A01605BA5}.Release|ARM.ActiveCfg = Release|x64
		{EAA95AB7-932E-4386-85D7-026A01605BA5}.Release|ARM.Build.0 = Release|x64
		{EAA95AB7-932E-4386-85D7-026A01605BA5}.Release|ARM64.ActiveCfg = Release|ARM64
		{EAA95AB7-932E-4386-85D7-026A01605BA5}.Release|ARM64.Build.0 = Release|ARM64
		{EAA95AB7-932E-4386-85D7-026A01605BA5}.Release|ARM64.Deploy.0 = Release|ARM64
		{EAA95AB7-932E-4386-85D7-026A01605BA5}.Release|x64.ActiveCfg = Release|x64
		{EAA95AB7-932E-4386-85D7-026A01605BA5}.Release|x64.Build.0 = Release|x64
		{EAA95AB7-932E-4386-85D7-026A01605BA5}.Release|x64.Deploy.0 = Release|x64
		{EAA95AB7-932E-4386-85D7-026A01605BA5}.Release|x86.ActiveCfg = Release|x86
		{EAA95AB7-932E-4386-85D7-026A01605BA5}.Release|x86.Build.0 = Release|x86
		{EAA95AB7-932E-4386-85D7-026A01605BA5}.Release|x86.Deploy.0 = Release|x86
		{3BB19ACD-AAA6-4827-9CF4-C0A67B543577}.Debug|Any CPU.ActiveCfg = Debug|Any CPU
		{3BB19ACD-AAA6-4827-9CF4-C0A67B543577}.Debug|Any CPU.Build.0 = Debug|Any CPU
		{3BB19ACD-AAA6-4827-9CF4-C0A67B543577}.Debug|ARM.ActiveCfg = Debug|Any CPU
		{3BB19ACD-AAA6-4827-9CF4-C0A67B543577}.Debug|ARM.Build.0 = Debug|Any CPU
		{3BB19ACD-AAA6-4827-9CF4-C0A67B543577}.Debug|ARM64.ActiveCfg = Debug|Any CPU
		{3BB19ACD-AAA6-4827-9CF4-C0A67B543577}.Debug|ARM64.Build.0 = Debug|Any CPU
		{3BB19ACD-AAA6-4827-9CF4-C0A67B543577}.Debug|x64.ActiveCfg = Debug|Any CPU
		{3BB19ACD-AAA6-4827-9CF4-C0A67B543577}.Debug|x64.Build.0 = Debug|Any CPU
		{3BB19ACD-AAA6-4827-9CF4-C0A67B543577}.Debug|x86.ActiveCfg = Debug|Any CPU
		{3BB19ACD-AAA6-4827-9CF4-C0A67B543577}.Debug|x86.Build.0 = Debug|Any CPU
		{3BB19ACD-AAA6-4827-9CF4-C0A67B543577}.Release|Any CPU.ActiveCfg = Release|Any CPU
		{3BB19ACD-AAA6-4827-9CF4-C0A67B543577}.Release|Any CPU.Build.0 = Release|Any CPU
		{3BB19ACD-AAA6-4827-9CF4-C0A67B543577}.Release|ARM.ActiveCfg = Release|Any CPU
		{3BB19ACD-AAA6-4827-9CF4-C0A67B543577}.Release|ARM.Build.0 = Release|Any CPU
		{3BB19ACD-AAA6-4827-9CF4-C0A67B543577}.Release|ARM64.ActiveCfg = Release|Any CPU
		{3BB19ACD-AAA6-4827-9CF4-C0A67B543577}.Release|ARM64.Build.0 = Release|Any CPU
		{3BB19ACD-AAA6-4827-9CF4-C0A67B543577}.Release|x64.ActiveCfg = Release|Any CPU
		{3BB19ACD-AAA6-4827-9CF4-C0A67B543577}.Release|x64.Build.0 = Release|Any CPU
		{3BB19ACD-AAA6-4827-9CF4-C0A67B543577}.Release|x86.ActiveCfg = Release|Any CPU
		{3BB19ACD-AAA6-4827-9CF4-C0A67B543577}.Release|x86.Build.0 = Release|Any CPU
		{872F36F1-C516-48EE-8551-A2773E6D1227}.Debug|Any CPU.ActiveCfg = Debug|x64
		{872F36F1-C516-48EE-8551-A2773E6D1227}.Debug|Any CPU.Build.0 = Debug|x64
		{872F36F1-C516-48EE-8551-A2773E6D1227}.Debug|Any CPU.Deploy.0 = Debug|x64
		{872F36F1-C516-48EE-8551-A2773E6D1227}.Debug|ARM.ActiveCfg = Debug|ARM
		{872F36F1-C516-48EE-8551-A2773E6D1227}.Debug|ARM.Build.0 = Debug|ARM
		{872F36F1-C516-48EE-8551-A2773E6D1227}.Debug|ARM.Deploy.0 = Debug|ARM
		{872F36F1-C516-48EE-8551-A2773E6D1227}.Debug|ARM64.ActiveCfg = Debug|ARM64
		{872F36F1-C516-48EE-8551-A2773E6D1227}.Debug|ARM64.Build.0 = Debug|ARM64
		{872F36F1-C516-48EE-8551-A2773E6D1227}.Debug|ARM64.Deploy.0 = Debug|ARM64
		{872F36F1-C516-48EE-8551-A2773E6D1227}.Debug|x64.ActiveCfg = Debug|x64
		{872F36F1-C516-48EE-8551-A2773E6D1227}.Debug|x64.Build.0 = Debug|x64
		{872F36F1-C516-48EE-8551-A2773E6D1227}.Debug|x64.Deploy.0 = Debug|x64
		{872F36F1-C516-48EE-8551-A2773E6D1227}.Debug|x86.ActiveCfg = Debug|x86
		{872F36F1-C516-48EE-8551-A2773E6D1227}.Debug|x86.Build.0 = Debug|x86
		{872F36F1-C516-48EE-8551-A2773E6D1227}.Debug|x86.Deploy.0 = Debug|x86
		{872F36F1-C516-48EE-8551-A2773E6D1227}.Release|Any CPU.ActiveCfg = Release|x64
		{872F36F1-C516-48EE-8551-A2773E6D1227}.Release|Any CPU.Build.0 = Release|x64
		{872F36F1-C516-48EE-8551-A2773E6D1227}.Release|Any CPU.Deploy.0 = Release|x64
		{872F36F1-C516-48EE-8551-A2773E6D1227}.Release|ARM.ActiveCfg = Release|ARM
		{872F36F1-C516-48EE-8551-A2773E6D1227}.Release|ARM.Build.0 = Release|ARM
		{872F36F1-C516-48EE-8551-A2773E6D1227}.Release|ARM.Deploy.0 = Release|ARM
		{872F36F1-C516-48EE-8551-A2773E6D1227}.Release|ARM64.ActiveCfg = Release|ARM64
		{872F36F1-C516-48EE-8551-A2773E6D1227}.Release|ARM64.Build.0 = Release|ARM64
		{872F36F1-C516-48EE-8551-A2773E6D1227}.Release|ARM64.Deploy.0 = Release|ARM64
		{872F36F1-C516-48EE-8551-A2773E6D1227}.Release|x64.ActiveCfg = Release|x64
		{872F36F1-C516-48EE-8551-A2773E6D1227}.Release|x64.Build.0 = Release|x64
		{872F36F1-C516-48EE-8551-A2773E6D1227}.Release|x64.Deploy.0 = Release|x64
		{872F36F1-C516-48EE-8551-A2773E6D1227}.Release|x86.ActiveCfg = Release|x86
		{872F36F1-C516-48EE-8551-A2773E6D1227}.Release|x86.Build.0 = Release|x86
		{872F36F1-C516-48EE-8551-A2773E6D1227}.Release|x86.Deploy.0 = Release|x86
		{A408A934-B094-4573-B620-5006DF074630}.Debug|Any CPU.ActiveCfg = Debug|Any CPU
		{A408A934-B094-4573-B620-5006DF074630}.Debug|Any CPU.Build.0 = Debug|Any CPU
		{A408A934-B094-4573-B620-5006DF074630}.Debug|ARM.ActiveCfg = Debug|ARM
		{A408A934-B094-4573-B620-5006DF074630}.Debug|ARM.Build.0 = Debug|ARM
		{A408A934-B094-4573-B620-5006DF074630}.Debug|ARM64.ActiveCfg = Debug|ARM64
		{A408A934-B094-4573-B620-5006DF074630}.Debug|ARM64.Build.0 = Debug|ARM64
		{A408A934-B094-4573-B620-5006DF074630}.Debug|x64.ActiveCfg = Debug|x64
		{A408A934-B094-4573-B620-5006DF074630}.Debug|x64.Build.0 = Debug|x64
		{A408A934-B094-4573-B620-5006DF074630}.Debug|x86.ActiveCfg = Debug|x86
		{A408A934-B094-4573-B620-5006DF074630}.Debug|x86.Build.0 = Debug|x86
		{A408A934-B094-4573-B620-5006DF074630}.Release|Any CPU.ActiveCfg = Release|Any CPU
		{A408A934-B094-4573-B620-5006DF074630}.Release|Any CPU.Build.0 = Release|Any CPU
		{A408A934-B094-4573-B620-5006DF074630}.Release|ARM.ActiveCfg = Release|ARM
		{A408A934-B094-4573-B620-5006DF074630}.Release|ARM.Build.0 = Release|ARM
		{A408A934-B094-4573-B620-5006DF074630}.Release|ARM64.ActiveCfg = Release|ARM64
		{A408A934-B094-4573-B620-5006DF074630}.Release|ARM64.Build.0 = Release|ARM64
		{A408A934-B094-4573-B620-5006DF074630}.Release|x64.ActiveCfg = Release|x64
		{A408A934-B094-4573-B620-5006DF074630}.Release|x64.Build.0 = Release|x64
		{A408A934-B094-4573-B620-5006DF074630}.Release|x86.ActiveCfg = Release|x86
		{A408A934-B094-4573-B620-5006DF074630}.Release|x86.Build.0 = Release|x86
	EndGlobalSection
	GlobalSection(SolutionProperties) = preSolution
		HideSolutionNode = FALSE
	EndGlobalSection
	GlobalSection(NestedProjects) = preSolution
		{8F208C60-5143-4BEF-84C5-60DEADAF83A9} = {D57DCD26-95CA-47EE-A509-511BCED592BE}
		{EAA95AB7-932E-4386-85D7-026A01605BA5} = {D57DCD26-95CA-47EE-A509-511BCED592BE}
		{872F36F1-C516-48EE-8551-A2773E6D1227} = {D57DCD26-95CA-47EE-A509-511BCED592BE}
	EndGlobalSection
	GlobalSection(ExtensibilityGlobals) = postSolution
		SolutionGuid = {2214225C-8A8D-4652-916B-E3A6617D72DB}
	EndGlobalSection
EndGlobal
